{
  "version": 4,
  "terraform_version": "0.12.0",
  "serial": 70,
  "lineage": "a5152f8b-5c6d-b3dd-b0fc-676cd19c992e",
  "outputs": {},
  "resources": [
    {
      "mode": "data",
      "type": "aws_iam_policy_document",
      "name": "instance-assume-role-policy",
      "provider": "provider.aws",
      "instances": [
        {
          "schema_version": 0,
          "attributes": {
            "id": "1903849331",
            "json": "{\n  \"Version\": \"2012-10-17\",\n  \"Statement\": [\n    {\n      \"Sid\": \"\",\n      \"Effect\": \"Allow\",\n      \"Action\": \"sts:AssumeRole\",\n      \"Principal\": {\n        \"Service\": \"ec2.amazonaws.com\"\n      }\n    }\n  ]\n}",
            "override_json": null,
            "override_policy_documents": null,
            "policy_id": null,
            "source_json": null,
            "source_policy_documents": null,
            "statement": [
              {
                "actions": [
                  "sts:AssumeRole"
                ],
                "condition": [],
                "effect": "Allow",
                "not_actions": [],
                "not_principals": [],
                "not_resources": [],
                "principals": [
                  {
                    "identifiers": [
                      "ec2.amazonaws.com"
                    ],
                    "type": "Service"
                  }
                ],
                "resources": [],
                "sid": ""
              }
            ],
            "version": "2012-10-17"
          }
        }
      ]
    },
    {
      "mode": "managed",
      "type": "aws_cloudwatch_log_group",
      "name": "k8s-cluster",
      "provider": "provider.aws",
      "instances": [
        {
          "schema_version": 0,
          "attributes": {
            "arn": "arn:aws:logs:us-east-1:672058243948:log-group:kopscluster.k8s.local",
            "id": "kopscluster.k8s.local",
            "kms_key_id": "",
            "name": "kopscluster.k8s.local",
            "name_prefix": null,
            "retention_in_days": 0,
            "tags": {}
          }
        }
      ]
    },
    {
      "mode": "managed",
      "type": "aws_iam_instance_profile",
      "name": "masters",
      "provider": "provider.aws",
      "instances": [
        {
          "schema_version": 0,
          "attributes": {
            "arn": "arn:aws:iam::672058243948:instance-profile/k8s_masters_kopscluster.k8s.local",
            "create_date": "2021-05-09T14:16:39Z",
            "id": "k8s_masters_kopscluster.k8s.local",
            "name": "k8s_masters_kopscluster.k8s.local",
            "name_prefix": null,
            "path": "/",
            "role": "k8s_masters_kopscluster.k8s.local",
            "tags": {},
            "unique_id": "AIPAZY6OK7NWHGQNBU2ZO"
          },
          "depends_on": [
            "aws_iam_role.masters"
          ]
        }
      ]
    },
    {
      "mode": "managed",
      "type": "aws_iam_instance_profile",
      "name": "nodes",
      "provider": "provider.aws",
      "instances": [
        {
          "schema_version": 0,
          "attributes": {
            "arn": "arn:aws:iam::672058243948:instance-profile/k8s_nodes_kopscluster.k8s.local",
            "create_date": "2021-05-09T14:16:39Z",
            "id": "k8s_nodes_kopscluster.k8s.local",
            "name": "k8s_nodes_kopscluster.k8s.local",
            "name_prefix": null,
            "path": "/",
            "role": "k8s_nodes_kopscluster.k8s.local",
            "tags": {},
            "unique_id": "AIPAZY6OK7NWHZUQOHXJG"
          },
          "depends_on": [
            "aws_iam_role.nodes"
          ]
        }
      ]
    },
    {
      "mode": "managed",
      "type": "aws_iam_role",
      "name": "masters",
      "provider": "provider.aws",
      "instances": [
        {
          "schema_version": 0,
          "attributes": {
            "arn": "arn:aws:iam::672058243948:role/k8s_masters_kopscluster.k8s.local",
            "assume_role_policy": "{\"Version\":\"2012-10-17\",\"Statement\":[{\"Sid\":\"\",\"Effect\":\"Allow\",\"Principal\":{\"Service\":\"ec2.amazonaws.com\"},\"Action\":\"sts:AssumeRole\"}]}",
            "create_date": "2021-05-09T14:16:39Z",
            "description": "",
            "force_detach_policies": false,
            "id": "k8s_masters_kopscluster.k8s.local",
            "inline_policy": [
              {
                "name": "",
                "policy": ""
              }
            ],
            "managed_policy_arns": [
              "arn:aws:iam::672058243948:policy/sample-master"
            ],
            "max_session_duration": 3600,
            "name": "k8s_masters_kopscluster.k8s.local",
            "name_prefix": null,
            "path": "/",
            "permissions_boundary": null,
            "tags": {},
            "unique_id": "AROAZY6OK7NWFN47L2QNW"
          },
          "depends_on": [
            "data.aws_iam_policy_document.instance-assume-role-policy"
          ]
        }
      ]
    },
    {
      "mode": "managed",
      "type": "aws_iam_role",
      "name": "nodes",
      "provider": "provider.aws",
      "instances": [
        {
          "schema_version": 0,
          "attributes": {
            "arn": "arn:aws:iam::672058243948:role/k8s_nodes_kopscluster.k8s.local",
            "assume_role_policy": "{\"Version\":\"2012-10-17\",\"Statement\":[{\"Sid\":\"\",\"Effect\":\"Allow\",\"Principal\":{\"Service\":\"ec2.amazonaws.com\"},\"Action\":\"sts:AssumeRole\"}]}",
            "create_date": "2021-05-09T14:16:39Z",
            "description": "",
            "force_detach_policies": false,
            "id": "k8s_nodes_kopscluster.k8s.local",
            "inline_policy": [
              {
                "name": "",
                "policy": ""
              }
            ],
            "managed_policy_arns": [
              "arn:aws:iam::672058243948:policy/sample-node"
            ],
            "max_session_duration": 3600,
            "name": "k8s_nodes_kopscluster.k8s.local",
            "name_prefix": null,
            "path": "/",
            "permissions_boundary": null,
            "tags": {},
            "unique_id": "AROAZY6OK7NWA7TO26HTO"
          },
          "depends_on": [
            "data.aws_iam_policy_document.instance-assume-role-policy"
          ]
        }
      ]
    },
    {
      "mode": "managed",
      "type": "aws_iam_role_policy_attachment",
      "name": "masters",
      "each": "list",
      "provider": "provider.aws",
      "instances": [
        {
          "index_key": 0,
          "schema_version": 0,
          "attributes": {
            "id": "k8s_masters_kopscluster.k8s.local-20210509141639430500000001",
            "policy_arn": "arn:aws:iam::672058243948:policy/sample-master",
            "role": "k8s_masters_kopscluster.k8s.local"
          },
          "depends_on": [
            "aws_iam_role.masters"
          ]
        }
      ]
    },
    {
      "mode": "managed",
      "type": "aws_iam_role_policy_attachment",
      "name": "nodes",
      "each": "list",
      "provider": "provider.aws",
      "instances": [
        {
          "index_key": 0,
          "schema_version": 0,
          "attributes": {
            "id": "k8s_nodes_kopscluster.k8s.local-20210509141639445100000002",
            "policy_arn": "arn:aws:iam::672058243948:policy/sample-node",
            "role": "k8s_nodes_kopscluster.k8s.local"
          },
          "depends_on": [
            "aws_iam_role.nodes"
          ]
        }
      ]
    },
    {
      "mode": "managed",
      "type": "null_resource",
      "name": "kubernetes_cluster",
      "provider": "provider.null",
      "instances": [
        {
          "status": "tainted",
          "schema_version": 0,
          "attributes": {
            "id": "6850519022795938589",
            "triggers": null
          },
          "depends_on": [
            "aws_cloudwatch_log_group.k8s-cluster",
            "aws_iam_instance_profile.masters",
            "aws_iam_instance_profile.nodes"
          ]
        }
      ]
    }
  ]
}
